
Microsoft Visual Studio Solution File, Format Version 12.00
# Visual Studio 14
VisualStudioVersion = 14.0.23107.0
MinimumVisualStudioVersion = 10.0.40219.1
Project("{FAE04EC0-301F-11D3-BF4B-00C04F79EFBC}") = "CsRestClient", "JsonRPC\CsRestClient.csproj", "{877705FD-88BC-4123-BD45-5C2E1F7C26E4}"
EndProject
Project("{FAE04EC0-301F-11D3-BF4B-00C04F79EFBC}") = "CsRestClientTest", "JsonRPCTest\CsRestClientTest.csproj", "{A3419CC0-6CD4-4820-A038-07BEDA3831D0}"
EndProject
Global
	GlobalSection(SolutionConfigurationPlatforms) = preSolution
		Debug|Any CPU = Debug|Any CPU
		Release|Any CPU = Release|Any CPU
	EndGlobalSection
	GlobalSection(ProjectConfigurationPlatforms) = postSolution
		{877705FD-88BC-4123-BD45-5C2E1F7C26E4}.Debug|Any CPU.ActiveCfg = Debug|Any CPU
		{877705FD-88BC-4123-BD45-5C2E1F7C26E4}.Debug|Any CPU.Build.0 = Debug|Any CPU
		{877705FD-88BC-4123-BD45-5C2E1F7C26E4}.Release|Any CPU.ActiveCfg = Release|Any CPU
		{877705FD-88BC-4123-BD45-5C2E1F7C26E4}.Release|Any CPU.Build.0 = Release|Any CPU
		{A3419CC0-6CD4-4820-A038-07BEDA3831D0}.Debug|Any CPU.ActiveCfg = Debug|Any CPU
		{A3419CC0-6CD4-4820-A038-07BEDA3831D0}.Debug|Any CPU.Build.0 = Debug|Any CPU
		{A3419CC0-6CD4-4820-A038-07BEDA3831D0}.Release|Any CPU.ActiveCfg = Release|Any CPU
		{A3419CC0-6CD4-4820-A038-07BEDA3831D0}.Release|Any CPU.Build.0 = Release|Any CPU
	EndGlobalSection
	GlobalSection(SolutionProperties) = preSolution
		HideSolutionNode = FALSE
	EndGlobalSection
EndGlobal
